
Microsoft Visual Studio Solution File, Format Version 12.00
# Visual Studio Version 16
VisualStudioVersion = 16.0.30517.126
MinimumVisualStudioVersion = 10.0.40219.1
Project("{9A19103F-16F7-4668-BE54-9A1E7A4F7556}") = "AcmeAnvilsTest", "AcmeAnvilsTest\AcmeAnvilsTest.csproj", "{8EA38422-CB53-4C91-A558-D0BD982F65FD}"
EndProject
Project("{9A19103F-16F7-4668-BE54-9A1E7A4F7556}") = "CorrectedAnvilsTotalPriceCalc", "CorrectedAnvilsTotalPriceCalc\CorrectedAnvilsTotalPriceCalc.csproj", "{135EDC1F-C3CB-467D-88DB-183EBCC03128}"
EndProject
Global
	GlobalSection(SolutionConfigurationPlatforms) = preSolution
		Debug|Any CPU = Debug|Any CPU
		Release|Any CPU = Release|Any CPU
	EndGlobalSection
	GlobalSection(ProjectConfigurationPlatforms) = postSolution
		{8EA38422-CB53-4C91-A558-D0BD982F65FD}.Debug|Any CPU.ActiveCfg = Debug|Any CPU
		{8EA38422-CB53-4C91-A558-D0BD982F65FD}.Debug|Any CPU.Build.0 = Debug|Any CPU
		{8EA38422-CB53-4C91-A558-D0BD982F65FD}.Release|Any CPU.ActiveCfg = Release|Any CPU
		{8EA38422-CB53-4C91-A558-D0BD982F65FD}.Release|Any CPU.Build.0 = Release|Any CPU
		{135EDC1F-C3CB-467D-88DB-183EBCC03128}.Debug|Any CPU.ActiveCfg = Debug|Any CPU
		{135EDC1F-C3CB-467D-88DB-183EBCC03128}.Debug|Any CPU.Build.0 = Debug|Any CPU
		{135EDC1F-C3CB-467D-88DB-183EBCC03128}.Release|Any CPU.ActiveCfg = Release|Any CPU
		{135EDC1F-C3CB-467D-88DB-183EBCC03128}.Release|Any CPU.Build.0 = Release|Any CPU
	EndGlobalSection
	GlobalSection(SolutionProperties) = preSolution
		HideSolutionNode = FALSE
	EndGlobalSection
	GlobalSection(ExtensibilityGlobals) = postSolution
		SolutionGuid = {82F9804F-905A-430C-907C-2DA9B7DAFAD7}
	EndGlobalSection
EndGlobal
